// !$*UTF8*$!
{
	archiveVersion = 1;
	classes = {
	};
	objectVersion = 55;
	objects = {

/* Begin PBXBuildFile section */
		051D7342B051C298194F834E /* Pods_TimeTable.framework in Frameworks */ = {isa = PBXBuildFile; fileRef = 281A72BD75E0BF8AAAFE6D11 /* Pods_TimeTable.framework */; };
		63033F542812F558005F6252 /* OptionTimeTableViewController.swift in Sources */ = {isa = PBXBuildFile; fileRef = 63033F532812F558005F6252 /* OptionTimeTableViewController.swift */; };
		63033F5B2812FC19005F6252 /* OptionsTableViewCell.swift in Sources */ = {isa = PBXBuildFile; fileRef = 63033F5A2812FC19005F6252 /* OptionsTableViewCell.swift */; };
		63033F5D28130814005F6252 /* HeaderOptionsViewCell.swift in Sources */ = {isa = PBXBuildFile; fileRef = 63033F5C28130814005F6252 /* HeaderOptionsViewCell.swift */; };
		630C066F280F05AE00A9EAB9 /* TimeTableViewCell.swift in Sources */ = {isa = PBXBuildFile; fileRef = 630C066E280F05AE00A9EAB9 /* TimeTableViewCell.swift */; };
		630C0675280F3CF500A9EAB9 /* UIStackView.swift in Sources */ = {isa = PBXBuildFile; fileRef = 630C0674280F3CF500A9EAB9 /* UIStackView.swift */; };
		632AF2E6281AC236007A70AB /* AlertDate.swift in Sources */ = {isa = PBXBuildFile; fileRef = 632AF2E5281AC236007A70AB /* AlertDate.swift */; };
		632AF2E8281ADBA0007A70AB /* AlertTime.swift in Sources */ = {isa = PBXBuildFile; fileRef = 632AF2E7281ADBA0007A70AB /* AlertTime.swift */; };
		632AF2EA281ADE4E007A70AB /* AlertForCellName.swift in Sources */ = {isa = PBXBuildFile; fileRef = 632AF2E9281ADE4E007A70AB /* AlertForCellName.swift */; };
		632AF2EC281AE257007A70AB /* TimeTableColorViewController.swift in Sources */ = {isa = PBXBuildFile; fileRef = 632AF2EB281AE257007A70AB /* TimeTableColorViewController.swift */; };
		632AF2F0281AE2F8007A70AB /* TeachersViewController.swift in Sources */ = {isa = PBXBuildFile; fileRef = 632AF2EF281AE2F8007A70AB /* TeachersViewController.swift */; };
		632AF2F2281AE63A007A70AB /* UIAlertController.swift in Sources */ = {isa = PBXBuildFile; fileRef = 632AF2F1281AE63A007A70AB /* UIAlertController.swift */; };
		632AF2F4281B3209007A70AB /* ColorTableViewCell.swift in Sources */ = {isa = PBXBuildFile; fileRef = 632AF2F3281B3209007A70AB /* ColorTableViewCell.swift */; };
		6333040F281C1BC200A4975E /* TaskOptionTableView.swift in Sources */ = {isa = PBXBuildFile; fileRef = 6333040E281C1BC200A4975E /* TaskOptionTableView.swift */; };
		63330413281C213C00A4975E /* ColorTaskTableViewController.swift in Sources */ = {isa = PBXBuildFile; fileRef = 63330412281C213C00A4975E /* ColorTaskTableViewController.swift */; };
		6340BFAF28105E46000ED16F /* UILabel.swift in Sources */ = {isa = PBXBuildFile; fileRef = 6340BFAE28105E46000ED16F /* UILabel.swift */; };
		6340BFB1281066DB000ED16F /* UIFont.swift in Sources */ = {isa = PBXBuildFile; fileRef = 6340BFB0281066DB000ED16F /* UIFont.swift */; };
		6340BFB328109C15000ED16F /* TasksTableViewCell.swift in Sources */ = {isa = PBXBuildFile; fileRef = 6340BFB228109C15000ED16F /* TasksTableViewCell.swift */; };
		63581F382821AF1C00735CEE /* ContactsTableViewController.swift in Sources */ = {isa = PBXBuildFile; fileRef = 63581F372821AF1C00735CEE /* ContactsTableViewController.swift */; };
		63581F3A2821B0FE00735CEE /* ContactsTableViewCell.swift in Sources */ = {isa = PBXBuildFile; fileRef = 63581F392821B0FE00735CEE /* ContactsTableViewCell.swift */; };
		63A9107F280DA68500E398CC /* AppDelegate.swift in Sources */ = {isa = PBXBuildFile; fileRef = 63A9107E280DA68500E398CC /* AppDelegate.swift */; };
		63A91081280DA68500E398CC /* SceneDelegate.swift in Sources */ = {isa = PBXBuildFile; fileRef = 63A91080280DA68500E398CC /* SceneDelegate.swift */; };
		63A91083280DA68500E398CC /* MainTabBarController.swift in Sources */ = {isa = PBXBuildFile; fileRef = 63A91082280DA68500E398CC /* MainTabBarController.swift */; };
		63A91086280DA68500E398CC /* Main.storyboard in Resources */ = {isa = PBXBuildFile; fileRef = 63A91084280DA68500E398CC /* Main.storyboard */; };
		63A91088280DA68900E398CC /* Assets.xcassets in Resources */ = {isa = PBXBuildFile; fileRef = 63A91087280DA68900E398CC /* Assets.xcassets */; };
		63A9108B280DA68900E398CC /* LaunchScreen.storyboard in Resources */ = {isa = PBXBuildFile; fileRef = 63A91089280DA68900E398CC /* LaunchScreen.storyboard */; };
		63A91096280DAADE00E398CC /* TimeTableViewController.swift in Sources */ = {isa = PBXBuildFile; fileRef = 63A91095280DAADE00E398CC /* TimeTableViewController.swift */; };
		63A91098280DAAFE00E398CC /* TasksViewController.swift in Sources */ = {isa = PBXBuildFile; fileRef = 63A91097280DAAFE00E398CC /* TasksViewController.swift */; };
		63AF5265282599770083B0FF /* ContactOptionTableViewController.swift in Sources */ = {isa = PBXBuildFile; fileRef = 63AF5264282599770083B0FF /* ContactOptionTableViewController.swift */; };
		63AF52672825A1ED0083B0FF /* AlertFriendOrTeacher.swift in Sources */ = {isa = PBXBuildFile; fileRef = 63AF52662825A1ED0083B0FF /* AlertFriendOrTeacher.swift */; };
		63C2AD8C2811D0FC00FBD434 /* PressButtonProtocols.swift in Sources */ = {isa = PBXBuildFile; fileRef = 63C2AD8B2811D0FC00FBD434 /* PressButtonProtocols.swift */; };
/* End PBXBuildFile section */

/* Begin PBXFileReference section */
		281A72BD75E0BF8AAAFE6D11 /* Pods_TimeTable.framework */ = {isa = PBXFileReference; explicitFileType = wrapper.framework; includeInIndex = 0; path = Pods_TimeTable.framework; sourceTree = BUILT_PRODUCTS_DIR; };
		31F0A1BAC348D24CEACDA3F6 /* Pods-TimeTable.release.xcconfig */ = {isa = PBXFileReference; includeInIndex = 1; lastKnownFileType = text.xcconfig; name = "Pods-TimeTable.release.xcconfig"; path = "Target Support Files/Pods-TimeTable/Pods-TimeTable.release.xcconfig"; sourceTree = "<group>"; };
		63033F532812F558005F6252 /* OptionTimeTableViewController.swift */ = {isa = PBXFileReference; lastKnownFileType = sourcecode.swift; path = OptionTimeTableViewController.swift; sourceTree = "<group>"; };
		63033F5A2812FC19005F6252 /* OptionsTableViewCell.swift */ = {isa = PBXFileReference; lastKnownFileType = sourcecode.swift; path = OptionsTableViewCell.swift; sourceTree = "<group>"; };
		63033F5C28130814005F6252 /* HeaderOptionsViewCell.swift */ = {isa = PBXFileReference; lastKnownFileType = sourcecode.swift; path = HeaderOptionsViewCell.swift; sourceTree = "<group>"; };
		630C066E280F05AE00A9EAB9 /* TimeTableViewCell.swift */ = {isa = PBXFileReference; lastKnownFileType = sourcecode.swift; path = TimeTableViewCell.swift; sourceTree = "<group>"; };
		630C0674280F3CF500A9EAB9 /* UIStackView.swift */ = {isa = PBXFileReference; lastKnownFileType = sourcecode.swift; path = UIStackView.swift; sourceTree = "<group>"; };
		632AF2E5281AC236007A70AB /* AlertDate.swift */ = {isa = PBXFileReference; lastKnownFileType = sourcecode.swift; path = AlertDate.swift; sourceTree = "<group>"; };
		632AF2E7281ADBA0007A70AB /* AlertTime.swift */ = {isa = PBXFileReference; lastKnownFileType = sourcecode.swift; path = AlertTime.swift; sourceTree = "<group>"; };
		632AF2E9281ADE4E007A70AB /* AlertForCellName.swift */ = {isa = PBXFileReference; lastKnownFileType = sourcecode.swift; path = AlertForCellName.swift; sourceTree = "<group>"; };
		632AF2EB281AE257007A70AB /* TimeTableColorViewController.swift */ = {isa = PBXFileReference; lastKnownFileType = sourcecode.swift; path = TimeTableColorViewController.swift; sourceTree = "<group>"; };
		632AF2EF281AE2F8007A70AB /* TeachersViewController.swift */ = {isa = PBXFileReference; lastKnownFileType = sourcecode.swift; path = TeachersViewController.swift; sourceTree = "<group>"; };
		632AF2F1281AE63A007A70AB /* UIAlertController.swift */ = {isa = PBXFileReference; lastKnownFileType = sourcecode.swift; path = UIAlertController.swift; sourceTree = "<group>"; };
		632AF2F3281B3209007A70AB /* ColorTableViewCell.swift */ = {isa = PBXFileReference; lastKnownFileType = sourcecode.swift; path = ColorTableViewCell.swift; sourceTree = "<group>"; };
		6333040E281C1BC200A4975E /* TaskOptionTableView.swift */ = {isa = PBXFileReference; lastKnownFileType = sourcecode.swift; path = TaskOptionTableView.swift; sourceTree = "<group>"; };
		63330412281C213C00A4975E /* ColorTaskTableViewController.swift */ = {isa = PBXFileReference; lastKnownFileType = sourcecode.swift; path = ColorTaskTableViewController.swift; sourceTree = "<group>"; };
		6340BFAE28105E46000ED16F /* UILabel.swift */ = {isa = PBXFileReference; lastKnownFileType = sourcecode.swift; path = UILabel.swift; sourceTree = "<group>"; };
		6340BFB0281066DB000ED16F /* UIFont.swift */ = {isa = PBXFileReference; lastKnownFileType = sourcecode.swift; path = UIFont.swift; sourceTree = "<group>"; };
		6340BFB228109C15000ED16F /* TasksTableViewCell.swift */ = {isa = PBXFileReference; lastKnownFileType = sourcecode.swift; path = TasksTableViewCell.swift; sourceTree = "<group>"; };
		63581F372821AF1C00735CEE /* ContactsTableViewController.swift */ = {isa = PBXFileReference; lastKnownFileType = sourcecode.swift; path = ContactsTableViewController.swift; sourceTree = "<group>"; };
		63581F392821B0FE00735CEE /* ContactsTableViewCell.swift */ = {isa = PBXFileReference; lastKnownFileType = sourcecode.swift; path = ContactsTableViewCell.swift; sourceTree = "<group>"; };
		63A9107B280DA68500E398CC /* TimeTable.app */ = {isa = PBXFileReference; explicitFileType = wrapper.application; includeInIndex = 0; path = TimeTable.app; sourceTree = BUILT_PRODUCTS_DIR; };
		63A9107E280DA68500E398CC /* AppDelegate.swift */ = {isa = PBXFileReference; lastKnownFileType = sourcecode.swift; path = AppDelegate.swift; sourceTree = "<group>"; };
		63A91080280DA68500E398CC /* SceneDelegate.swift */ = {isa = PBXFileReference; lastKnownFileType = sourcecode.swift; path = SceneDelegate.swift; sourceTree = "<group>"; };
		63A91082280DA68500E398CC /* MainTabBarController.swift */ = {isa = PBXFileReference; lastKnownFileType = sourcecode.swift; path = MainTabBarController.swift; sourceTree = "<group>"; };
		63A91085280DA68500E398CC /* Base */ = {isa = PBXFileReference; lastKnownFileType = file.storyboard; name = Base; path = Base.lproj/Main.storyboard; sourceTree = "<group>"; };
		63A91087280DA68900E398CC /* Assets.xcassets */ = {isa = PBXFileReference; lastKnownFileType = folder.assetcatalog; path = Assets.xcassets; sourceTree = "<group>"; };
		63A9108A280DA68900E398CC /* Base */ = {isa = PBXFileReference; lastKnownFileType = file.storyboard; name = Base; path = Base.lproj/LaunchScreen.storyboard; sourceTree = "<group>"; };
		63A9108C280DA68900E398CC /* Info.plist */ = {isa = PBXFileReference; lastKnownFileType = text.plist.xml; path = Info.plist; sourceTree = "<group>"; };
		63A91095280DAADE00E398CC /* TimeTableViewController.swift */ = {isa = PBXFileReference; lastKnownFileType = sourcecode.swift; path = TimeTableViewController.swift; sourceTree = "<group>"; };
		63A91097280DAAFE00E398CC /* TasksViewController.swift */ = {isa = PBXFileReference; lastKnownFileType = sourcecode.swift; path = TasksViewController.swift; sourceTree = "<group>"; };
		63AF5264282599770083B0FF /* ContactOptionTableViewController.swift */ = {isa = PBXFileReference; lastKnownFileType = sourcecode.swift; path = ContactOptionTableViewController.swift; sourceTree = "<group>"; };
		63AF52662825A1ED0083B0FF /* AlertFriendOrTeacher.swift */ = {isa = PBXFileReference; lastKnownFileType = sourcecode.swift; path = AlertFriendOrTeacher.swift; sourceTree = "<group>"; };
		63C2AD8B2811D0FC00FBD434 /* PressButtonProtocols.swift */ = {isa = PBXFileReference; lastKnownFileType = sourcecode.swift; path = PressButtonProtocols.swift; sourceTree = "<group>"; };
		BE6F1CC59CC76CBA235EA672 /* Pods-TimeTable.debug.xcconfig */ = {isa = PBXFileReference; includeInIndex = 1; lastKnownFileType = text.xcconfig; name = "Pods-TimeTable.debug.xcconfig"; path = "Target Support Files/Pods-TimeTable/Pods-TimeTable.debug.xcconfig"; sourceTree = "<group>"; };
/* End PBXFileReference section */

/* Begin PBXFrameworksBuildPhase section */
		63A91078280DA68500E398CC /* Frameworks */ = {
			isa = PBXFrameworksBuildPhase;
			buildActionMask = 2147483647;
			files = (
				051D7342B051C298194F834E /* Pods_TimeTable.framework in Frameworks */,
			);
			runOnlyForDeploymentPostprocessing = 0;
		};
/* End PBXFrameworksBuildPhase section */

/* Begin PBXGroup section */
		63033F522812F52B005F6252 /* TimeTable */ = {
			isa = PBXGroup;
			children = (
				63A91095280DAADE00E398CC /* TimeTableViewController.swift */,
				63033F532812F558005F6252 /* OptionTimeTableViewController.swift */,
				632AF2EB281AE257007A70AB /* TimeTableColorViewController.swift */,
			);
			path = TimeTable;
			sourceTree = "<group>";
		};
		63033F552812F560005F6252 /* Tasks */ = {
			isa = PBXGroup;
			children = (
				63A91097280DAAFE00E398CC /* TasksViewController.swift */,
				6333040E281C1BC200A4975E /* TaskOptionTableView.swift */,
				63330412281C213C00A4975E /* ColorTaskTableViewController.swift */,
			);
			path = Tasks;
			sourceTree = "<group>";
		};
		63033F562812F56E005F6252 /* Contacts */ = {
			isa = PBXGroup;
			children = (
				63581F372821AF1C00735CEE /* ContactsTableViewController.swift */,
				632AF2EF281AE2F8007A70AB /* TeachersViewController.swift */,
			);
			path = Contacts;
			sourceTree = "<group>";
		};
		63033F572812FBC9005F6252 /* TimeTable */ = {
			isa = PBXGroup;
			children = (
				630C066E280F05AE00A9EAB9 /* TimeTableViewCell.swift */,
			);
			path = TimeTable;
			sourceTree = "<group>";
		};
		63033F582812FBDC005F6252 /* Tasks */ = {
			isa = PBXGroup;
			children = (
				6340BFB228109C15000ED16F /* TasksTableViewCell.swift */,
			);
			path = Tasks;
			sourceTree = "<group>";
		};
		63033F592812FBE6005F6252 /* Contacts */ = {
			isa = PBXGroup;
			children = (
				63581F392821B0FE00735CEE /* ContactsTableViewCell.swift */,
				63AF5264282599770083B0FF /* ContactOptionTableViewController.swift */,
			);
			path = Contacts;
			sourceTree = "<group>";
		};
		630C066C280F055B00A9EAB9 /* Model */ = {
			isa = PBXGroup;
			children = (
				632AF2E4281AC221007A70AB /* Alert */,
				630C066D280F056200A9EAB9 /* Cell */,
			);
			path = Model;
			sourceTree = "<group>";
		};
		630C066D280F056200A9EAB9 /* Cell */ = {
			isa = PBXGroup;
			children = (
				63033F5C28130814005F6252 /* HeaderOptionsViewCell.swift */,
				632AF2F3281B3209007A70AB /* ColorTableViewCell.swift */,
				63033F5A2812FC19005F6252 /* OptionsTableViewCell.swift */,
				63033F572812FBC9005F6252 /* TimeTable */,
				63033F582812FBDC005F6252 /* Tasks */,
				63033F592812FBE6005F6252 /* Contacts */,
			);
			path = Cell;
			sourceTree = "<group>";
		};
		630C0672280F3CB400A9EAB9 /* Extensions */ = {
			isa = PBXGroup;
			children = (
				630C0673280F3CC100A9EAB9 /* UIKit */,
			);
			path = Extensions;
			sourceTree = "<group>";
		};
		630C0673280F3CC100A9EAB9 /* UIKit */ = {
			isa = PBXGroup;
			children = (
				630C0674280F3CF500A9EAB9 /* UIStackView.swift */,
				6340BFAE28105E46000ED16F /* UILabel.swift */,
				6340BFB0281066DB000ED16F /* UIFont.swift */,
				632AF2F1281AE63A007A70AB /* UIAlertController.swift */,
			);
			path = UIKit;
			sourceTree = "<group>";
		};
		632AF2E4281AC221007A70AB /* Alert */ = {
			isa = PBXGroup;
			children = (
				632AF2E5281AC236007A70AB /* AlertDate.swift */,
				632AF2E7281ADBA0007A70AB /* AlertTime.swift */,
				632AF2E9281ADE4E007A70AB /* AlertForCellName.swift */,
				63AF52662825A1ED0083B0FF /* AlertFriendOrTeacher.swift */,
			);
			path = Alert;
			sourceTree = "<group>";
		};
		63A91072280DA68500E398CC = {
			isa = PBXGroup;
			children = (
				63A9107D280DA68500E398CC /* TimeTable */,
				63A9107C280DA68500E398CC /* Products */,
				80A75A44BAC73F131B33D950 /* Pods */,
				82363EDFA2F63E281BCB1B27 /* Frameworks */,
			);
			sourceTree = "<group>";
		};
		63A9107C280DA68500E398CC /* Products */ = {
			isa = PBXGroup;
			children = (
				63A9107B280DA68500E398CC /* TimeTable.app */,
			);
			name = Products;
			sourceTree = "<group>";
		};
		63A9107D280DA68500E398CC /* TimeTable */ = {
			isa = PBXGroup;
			children = (
				63A91092280DA6AA00E398CC /* Application */,
				63A91093280DA6D700E398CC /* Controllers */,
				630C066C280F055B00A9EAB9 /* Model */,
				63A91094280DA6EC00E398CC /* Resourses */,
				630C0672280F3CB400A9EAB9 /* Extensions */,
				63C2AD882811D06F00FBD434 /* Protocols */,
			);
			path = TimeTable;
			sourceTree = "<group>";
		};
		63A91092280DA6AA00E398CC /* Application */ = {
			isa = PBXGroup;
			children = (
				63A9107E280DA68500E398CC /* AppDelegate.swift */,
				63A91080280DA68500E398CC /* SceneDelegate.swift */,
			);
			path = Application;
			sourceTree = "<group>";
		};
		63A91093280DA6D700E398CC /* Controllers */ = {
			isa = PBXGroup;
			children = (
				63A91082280DA68500E398CC /* MainTabBarController.swift */,
				63033F522812F52B005F6252 /* TimeTable */,
				63033F552812F560005F6252 /* Tasks */,
				63033F562812F56E005F6252 /* Contacts */,
			);
			path = Controllers;
			sourceTree = "<group>";
		};
		63A91094280DA6EC00E398CC /* Resourses */ = {
			isa = PBXGroup;
			children = (
				63A91084280DA68500E398CC /* Main.storyboard */,
				63A91089280DA68900E398CC /* LaunchScreen.storyboard */,
				63A9108C280DA68900E398CC /* Info.plist */,
				63A91087280DA68900E398CC /* Assets.xcassets */,
			);
			path = Resourses;
			sourceTree = "<group>";
		};
		63C2AD882811D06F00FBD434 /* Protocols */ = {
			isa = PBXGroup;
			children = (
				63C2AD8B2811D0FC00FBD434 /* PressButtonProtocols.swift */,
			);
			path = Protocols;
			sourceTree = "<group>";
		};
		80A75A44BAC73F131B33D950 /* Pods */ = {
			isa = PBXGroup;
			children = (
				BE6F1CC59CC76CBA235EA672 /* Pods-TimeTable.debug.xcconfig */,
				31F0A1BAC348D24CEACDA3F6 /* Pods-TimeTable.release.xcconfig */,
			);
			path = Pods;
			sourceTree = "<group>";
		};
		82363EDFA2F63E281BCB1B27 /* Frameworks */ = {
			isa = PBXGroup;
			children = (
				281A72BD75E0BF8AAAFE6D11 /* Pods_TimeTable.framework */,
			);
			name = Frameworks;
			sourceTree = "<group>";
		};
/* End PBXGroup section */

/* Begin PBXNativeTarget section */
		63A9107A280DA68500E398CC /* TimeTable */ = {
			isa = PBXNativeTarget;
			buildConfigurationList = 63A9108F280DA68900E398CC /* Build configuration list for PBXNativeTarget "TimeTable" */;
			buildPhases = (
				F063ACB8D866EFD8CD1C31B2 /* [CP] Check Pods Manifest.lock */,
				63A91077280DA68500E398CC /* Sources */,
				63A91078280DA68500E398CC /* Frameworks */,
				63A91079280DA68500E398CC /* Resources */,
				436E40C1829D69139C7DFBC7 /* [CP] Embed Pods Frameworks */,
			);
			buildRules = (
			);
			dependencies = (
			);
			name = TimeTable;
			productName = TimeTable;
			productReference = 63A9107B280DA68500E398CC /* TimeTable.app */;
			productType = "com.apple.product-type.application";
		};
/* End PBXNativeTarget section */

/* Begin PBXProject section */
		63A91073280DA68500E398CC /* Project object */ = {
			isa = PBXProject;
			attributes = {
				BuildIndependentTargetsInParallel = 1;
				LastSwiftUpdateCheck = 1330;
				LastUpgradeCheck = 1330;
				TargetAttributes = {
					63A9107A280DA68500E398CC = {
						CreatedOnToolsVersion = 13.3.1;
					};
				};
			};
			buildConfigurationList = 63A91076280DA68500E398CC /* Build configuration list for PBXProject "TimeTable" */;
			compatibilityVersion = "Xcode 13.0";
			developmentRegion = en;
			hasScannedForEncodings = 0;
			knownRegions = (
				en,
				Base,
			);
			mainGroup = 63A91072280DA68500E398CC;
			productRefGroup = 63A9107C280DA68500E398CC /* Products */;
			projectDirPath = "";
			projectRoot = "";
			targets = (
				63A9107A280DA68500E398CC /* TimeTable */,
			);
		};
/* End PBXProject section */

/* Begin PBXResourcesBuildPhase section */
		63A91079280DA68500E398CC /* Resources */ = {
			isa = PBXResourcesBuildPhase;
			buildActionMask = 2147483647;
			files = (
				63A9108B280DA68900E398CC /* LaunchScreen.storyboard in Resources */,
				63A91088280DA68900E398CC /* Assets.xcassets in Resources */,
				63A91086280DA68500E398CC /* Main.storyboard in Resources */,
			);
			runOnlyForDeploymentPostprocessing = 0;
		};
/* End PBXResourcesBuildPhase section */

/* Begin PBXShellScriptBuildPhase section */
		436E40C1829D69139C7DFBC7 /* [CP] Embed Pods Frameworks */ = {
			isa = PBXShellScriptBuildPhase;
			buildActionMask = 2147483647;
			files = (
			);
			inputFileListPaths = (
				"${PODS_ROOT}/Target Support Files/Pods-TimeTable/Pods-TimeTable-frameworks-${CONFIGURATION}-input-files.xcfilelist",
			);
			name = "[CP] Embed Pods Frameworks";
			outputFileListPaths = (
				"${PODS_ROOT}/Target Support Files/Pods-TimeTable/Pods-TimeTable-frameworks-${CONFIGURATION}-output-files.xcfilelist",
			);
			runOnlyForDeploymentPostprocessing = 0;
			shellPath = /bin/sh;
			shellScript = "\"${PODS_ROOT}/Target Support Files/Pods-TimeTable/Pods-TimeTable-frameworks.sh\"\n";
			showEnvVarsInLog = 0;
		};
		F063ACB8D866EFD8CD1C31B2 /* [CP] Check Pods Manifest.lock */ = {
			isa = PBXShellScriptBuildPhase;
			buildActionMask = 2147483647;
			files = (
			);
			inputFileListPaths = (
			);
			inputPaths = (
				"${PODS_PODFILE_DIR_PATH}/Podfile.lock",
				"${PODS_ROOT}/Manifest.lock",
			);
			name = "[CP] Check Pods Manifest.lock";
			outputFileListPaths = (
			);
			outputPaths = (
				"$(DERIVED_FILE_DIR)/Pods-TimeTable-checkManifestLockResult.txt",
			);
			runOnlyForDeploymentPostprocessing = 0;
			shellPath = /bin/sh;
			shellScript = "diff \"${PODS_PODFILE_DIR_PATH}/Podfile.lock\" \"${PODS_ROOT}/Manifest.lock\" > /dev/null\nif [ $? != 0 ] ; then\n    # print error to STDERR\n    echo \"error: The sandbox is not in sync with the Podfile.lock. Run 'pod install' or update your CocoaPods installation.\" >&2\n    exit 1\nfi\n# This output is used by Xcode 'outputs' to avoid re-running this script phase.\necho \"SUCCESS\" > \"${SCRIPT_OUTPUT_FILE_0}\"\n";
			showEnvVarsInLog = 0;
		};
/* End PBXShellScriptBuildPhase section */

/* Begin PBXSourcesBuildPhase section */
		63A91077280DA68500E398CC /* Sources */ = {
			isa = PBXSourcesBuildPhase;
			buildActionMask = 2147483647;
			files = (
				632AF2E6281AC236007A70AB /* AlertDate.swift in Sources */,
				630C066F280F05AE00A9EAB9 /* TimeTableViewCell.swift in Sources */,
				63A91083280DA68500E398CC /* MainTabBarController.swift in Sources */,
				63A9107F280DA68500E398CC /* AppDelegate.swift in Sources */,
				630C0675280F3CF500A9EAB9 /* UIStackView.swift in Sources */,
				632AF2F0281AE2F8007A70AB /* TeachersViewController.swift in Sources */,
				632AF2EA281ADE4E007A70AB /* AlertForCellName.swift in Sources */,
				6340BFAF28105E46000ED16F /* UILabel.swift in Sources */,
				63033F5B2812FC19005F6252 /* OptionsTableViewCell.swift in Sources */,
				63A91098280DAAFE00E398CC /* TasksViewController.swift in Sources */,
				632AF2F4281B3209007A70AB /* ColorTableViewCell.swift in Sources */,
				63AF52672825A1ED0083B0FF /* AlertFriendOrTeacher.swift in Sources */,
				63AF5265282599770083B0FF /* ContactOptionTableViewController.swift in Sources */,
				632AF2F2281AE63A007A70AB /* UIAlertController.swift in Sources */,
				63581F3A2821B0FE00735CEE /* ContactsTableViewCell.swift in Sources */,
				632AF2EC281AE257007A70AB /* TimeTableColorViewController.swift in Sources */,
				632AF2E8281ADBA0007A70AB /* AlertTime.swift in Sources */,
				63A91096280DAADE00E398CC /* TimeTableViewController.swift in Sources */,
				63033F542812F558005F6252 /* OptionTimeTableViewController.swift in Sources */,
				63A91081280DA68500E398CC /* SceneDelegate.swift in Sources */,
				63581F382821AF1C00735CEE /* ContactsTableViewController.swift in Sources */,
				6340BFB1281066DB000ED16F /* UIFont.swift in Sources */,
				6340BFB328109C15000ED16F /* TasksTableViewCell.swift in Sources */,
				63C2AD8C2811D0FC00FBD434 /* PressButtonProtocols.swift in Sources */,
				63330413281C213C00A4975E /* ColorTaskTableViewController.swift in Sources */,
				6333040F281C1BC200A4975E /* TaskOptionTableView.swift in Sources */,
				63033F5D28130814005F6252 /* HeaderOptionsViewCell.swift in Sources */,
			);
			runOnlyForDeploymentPostprocessing = 0;
		};
/* End PBXSourcesBuildPhase section */

/* Begin PBXVariantGroup section */
		63A91084280DA68500E398CC /* Main.storyboard */ = {
			isa = PBXVariantGroup;
			children = (
				63A91085280DA68500E398CC /* Base */,
			);
			name = Main.storyboard;
			sourceTree = "<group>";
		};
		63A91089280DA68900E398CC /* LaunchScreen.storyboard */ = {
			isa = PBXVariantGroup;
			children = (
				63A9108A280DA68900E398CC /* Base */,
			);
			name = LaunchScreen.storyboard;
			sourceTree = "<group>";
		};
/* End PBXVariantGroup section */

/* Begin XCBuildConfiguration section */
		63A9108D280DA68900E398CC /* Debug */ = {
			isa = XCBuildConfiguration;
			buildSettings = {
				ALWAYS_SEARCH_USER_PATHS = NO;
				CLANG_ANALYZER_NONNULL = YES;
				CLANG_ANALYZER_NUMBER_OBJECT_CONVERSION = YES_AGGRESSIVE;
				CLANG_CXX_LANGUAGE_STANDARD = "gnu++17";
				CLANG_ENABLE_MODULES = YES;
				CLANG_ENABLE_OBJC_ARC = YES;
				CLANG_ENABLE_OBJC_WEAK = YES;
				CLANG_WARN_BLOCK_CAPTURE_AUTORELEASING = YES;
				CLANG_WARN_BOOL_CONVERSION = YES;
				CLANG_WARN_COMMA = YES;
				CLANG_WARN_CONSTANT_CONVERSION = YES;
				CLANG_WARN_DEPRECATED_OBJC_IMPLEMENTATIONS = YES;
				CLANG_WARN_DIRECT_OBJC_ISA_USAGE = YES_ERROR;
				CLANG_WARN_DOCUMENTATION_COMMENTS = YES;
				CLANG_WARN_EMPTY_BODY = YES;
				CLANG_WARN_ENUM_CONVERSION = YES;
				CLANG_WARN_INFINITE_RECURSION = YES;
				CLANG_WARN_INT_CONVERSION = YES;
				CLANG_WARN_NON_LITERAL_NULL_CONVERSION = YES;
				CLANG_WARN_OBJC_IMPLICIT_RETAIN_SELF = YES;
				CLANG_WARN_OBJC_LITERAL_CONVERSION = YES;
				CLANG_WARN_OBJC_ROOT_CLASS = YES_ERROR;
				CLANG_WARN_QUOTED_INCLUDE_IN_FRAMEWORK_HEADER = YES;
				CLANG_WARN_RANGE_LOOP_ANALYSIS = YES;
				CLANG_WARN_STRICT_PROTOTYPES = YES;
				CLANG_WARN_SUSPICIOUS_MOVE = YES;
				CLANG_WARN_UNGUARDED_AVAILABILITY = YES_AGGRESSIVE;
				CLANG_WARN_UNREACHABLE_CODE = YES;
				CLANG_WARN__DUPLICATE_METHOD_MATCH = YES;
				COPY_PHASE_STRIP = NO;
				DEBUG_INFORMATION_FORMAT = dwarf;
				ENABLE_STRICT_OBJC_MSGSEND = YES;
				ENABLE_TESTABILITY = YES;
				GCC_C_LANGUAGE_STANDARD = gnu11;
				GCC_DYNAMIC_NO_PIC = NO;
				GCC_NO_COMMON_BLOCKS = YES;
				GCC_OPTIMIZATION_LEVEL = 0;
				GCC_PREPROCESSOR_DEFINITIONS = (
					"DEBUG=1",
					"$(inherited)",
				);
				GCC_WARN_64_TO_32_BIT_CONVERSION = YES;
				GCC_WARN_ABOUT_RETURN_TYPE = YES_ERROR;
				GCC_WARN_UNDECLARED_SELECTOR = YES;
				GCC_WARN_UNINITIALIZED_AUTOS = YES_AGGRESSIVE;
				GCC_WARN_UNUSED_FUNCTION = YES;
				GCC_WARN_UNUSED_VARIABLE = YES;
				IPHONEOS_DEPLOYMENT_TARGET = 15.4;
				MTL_ENABLE_DEBUG_INFO = INCLUDE_SOURCE;
				MTL_FAST_MATH = YES;
				ONLY_ACTIVE_ARCH = YES;
				SDKROOT = iphoneos;
				SWIFT_ACTIVE_COMPILATION_CONDITIONS = DEBUG;
				SWIFT_OPTIMIZATION_LEVEL = "-Onone";
			};
			name = Debug;
		};
		63A9108E280DA68900E398CC /* Release */ = {
			isa = XCBuildConfiguration;
			buildSettings = {
				ALWAYS_SEARCH_USER_PATHS = NO;
				CLANG_ANALYZER_NONNULL = YES;
				CLANG_ANALYZER_NUMBER_OBJECT_CONVERSION = YES_AGGRESSIVE;
				CLANG_CXX_LANGUAGE_STANDARD = "gnu++17";
				CLANG_ENABLE_MODULES = YES;
				CLANG_ENABLE_OBJC_ARC = YES;
				CLANG_ENABLE_OBJC_WEAK = YES;
				CLANG_WARN_BLOCK_CAPTURE_AUTORELEASING = YES;
				CLANG_WARN_BOOL_CONVERSION = YES;
				CLANG_WARN_COMMA = YES;
				CLANG_WARN_CONSTANT_CONVERSION = YES;
				CLANG_WARN_DEPRECATED_OBJC_IMPLEMENTATIONS = YES;
				CLANG_WARN_DIRECT_OBJC_ISA_USAGE = YES_ERROR;
				CLANG_WARN_DOCUMENTATION_COMMENTS = YES;
				CLANG_WARN_EMPTY_BODY = YES;
				CLANG_WARN_ENUM_CONVERSION = YES;
				CLANG_WARN_INFINITE_RECURSION = YES;
				CLANG_WARN_INT_CONVERSION = YES;
				CLANG_WARN_NON_LITERAL_NULL_CONVERSION = YES;
				CLANG_WARN_OBJC_IMPLICIT_RETAIN_SELF = YES;
				CLANG_WARN_OBJC_LITERAL_CONVERSION = YES;
				CLANG_WARN_OBJC_ROOT_CLASS = YES_ERROR;
				CLANG_WARN_QUOTED_INCLUDE_IN_FRAMEWORK_HEADER = YES;
				CLANG_WARN_RANGE_LOOP_ANALYSIS = YES;
				CLANG_WARN_STRICT_PROTOTYPES = YES;
				CLANG_WARN_SUSPICIOUS_MOVE = YES;
				CLANG_WARN_UNGUARDED_AVAILABILITY = YES_AGGRESSIVE;
				CLANG_WARN_UNREACHABLE_CODE = YES;
				CLANG_WARN__DUPLICATE_METHOD_MATCH = YES;
				COPY_PHASE_STRIP = NO;
				DEBUG_INFORMATION_FORMAT = "dwarf-with-dsym";
				ENABLE_NS_ASSERTIONS = NO;
				ENABLE_STRICT_OBJC_MSGSEND = YES;
				GCC_C_LANGUAGE_STANDARD = gnu11;
				GCC_NO_COMMON_BLOCKS = YES;
				GCC_WARN_64_TO_32_BIT_CONVERSION = YES;
				GCC_WARN_ABOUT_RETURN_TYPE = YES_ERROR;
				GCC_WARN_UNDECLARED_SELECTOR = YES;
				GCC_WARN_UNINITIALIZED_AUTOS = YES_AGGRESSIVE;
				GCC_WARN_UNUSED_FUNCTION = YES;
				GCC_WARN_UNUSED_VARIABLE = YES;
				IPHONEOS_DEPLOYMENT_TARGET = 15.4;
				MTL_ENABLE_DEBUG_INFO = NO;
				MTL_FAST_MATH = YES;
				SDKROOT = iphoneos;
				SWIFT_COMPILATION_MODE = wholemodule;
				SWIFT_OPTIMIZATION_LEVEL = "-O";
				VALIDATE_PRODUCT = YES;
			};
			name = Release;
		};
		63A91090280DA68900E398CC /* Debug */ = {
			isa = XCBuildConfiguration;
			baseConfigurationReference = BE6F1CC59CC76CBA235EA672 /* Pods-TimeTable.debug.xcconfig */;
			buildSettings = {
				ASSETCATALOG_COMPILER_APPICON_NAME = AppIcon;
				ASSETCATALOG_COMPILER_GLOBAL_ACCENT_COLOR_NAME = AccentColor;
				CODE_SIGN_STYLE = Automatic;
				CURRENT_PROJECT_VERSION = 1;
				DEVELOPMENT_TEAM = CTY44DYVYJ;
				GENERATE_INFOPLIST_FILE = YES;
				INFOPLIST_FILE = TimeTable/Resourses/Info.plist;
				INFOPLIST_KEY_UIApplicationSupportsIndirectInputEvents = YES;
				INFOPLIST_KEY_UILaunchStoryboardName = LaunchScreen;
				INFOPLIST_KEY_UIMainStoryboardFile = Main;
				INFOPLIST_KEY_UISupportedInterfaceOrientations_iPad = "UIInterfaceOrientationPortrait UIInterfaceOrientationPortraitUpsideDown UIInterfaceOrientationLandscapeLeft UIInterfaceOrientationLandscapeRight";
				INFOPLIST_KEY_UISupportedInterfaceOrientations_iPhone = "UIInterfaceOrientationPortrait UIInterfaceOrientationLandscapeLeft UIInterfaceOrientationLandscapeRight";
				LD_RUNPATH_SEARCH_PATHS = (
					"$(inherited)",
					"@executable_path/Frameworks",
				);
				MARKETING_VERSION = 1.0;
				PRODUCT_BUNDLE_IDENTIFIER = MaximShishlov.TimeTable;
				PRODUCT_NAME = "$(TARGET_NAME)";
				SWIFT_EMIT_LOC_STRINGS = YES;
				SWIFT_VERSION = 5.0;
				TARGETED_DEVICE_FAMILY = "1,2";
			};
			name = Debug;
		};
		63A91091280DA68900E398CC /* Release */ = {
			isa = XCBuildConfiguration;
			baseConfigurationReference = 31F0A1BAC348D24CEACDA3F6 /* Pods-TimeTable.release.xcconfig */;
			buildSettings = {
				ASSETCATALOG_COMPILER_APPICON_NAME = AppIcon;
				ASSETCATALOG_COMPILER_GLOBAL_ACCENT_COLOR_NAME = AccentColor;
				CODE_SIGN_STYLE = Automatic;
				CURRENT_PROJECT_VERSION = 1;
				DEVELOPMENT_TEAM = CTY44DYVYJ;
				GENERATE_INFOPLIST_FILE = YES;
				INFOPLIST_FILE = TimeTable/Resourses/Info.plist;
				INFOPLIST_KEY_UIApplicationSupportsIndirectInputEvents = YES;
				INFOPLIST_KEY_UILaunchStoryboardName = LaunchScreen;
				INFOPLIST_KEY_UIMainStoryboardFile = Main;
				INFOPLIST_KEY_UISupportedInterfaceOrientations_iPad = "UIInterfaceOrientationPortrait UIInterfaceOrientationPortraitUpsideDown UIInterfaceOrientationLandscapeLeft UIInterfaceOrientationLandscapeRight";
				INFOPLIST_KEY_UISupportedInterfaceOrientations_iPhone = "UIInterfaceOrientationPortrait UIInterfaceOrientationLandscapeLeft UIInterfaceOrientationLandscapeRight";
				LD_RUNPATH_SEARCH_PATHS = (
					"$(inherited)",
					"@executable_path/Frameworks",
				);
				MARKETING_VERSION = 1.0;
				PRODUCT_BUNDLE_IDENTIFIER = MaximShishlov.TimeTable;
				PRODUCT_NAME = "$(TARGET_NAME)";
				SWIFT_EMIT_LOC_STRINGS = YES;
				SWIFT_VERSION = 5.0;
				TARGETED_DEVICE_FAMILY = "1,2";
			};
			name = Release;
		};
/* End XCBuildConfiguration section */

/* Begin XCConfigurationList section */
		63A91076280DA68500E398CC /* Build configuration list for PBXProject "TimeTable" */ = {
			isa = XCConfigurationList;
			buildConfigurations = (
				63A9108D280DA68900E398CC /* Debug */,
				63A9108E280DA68900E398CC /* Release */,
			);
			defaultConfigurationIsVisible = 0;
			defaultConfigurationName = Release;
		};
		63A9108F280DA68900E398CC /* Build configuration list for PBXNativeTarget "TimeTable" */ = {
			isa = XCConfigurationList;
			buildConfigurations = (
				63A91090280DA68900E398CC /* Debug */,
				63A91091280DA68900E398CC /* Release */,
			);
			defaultConfigurationIsVisible = 0;
			defaultConfigurationName = Release;
		};
/* End XCConfigurationList section */
	};
	rootObject = 63A91073280DA68500E398CC /* Project object */;
}
